{
    "_meta": {
        "hash": {
            "sha256": "d9246fb64dcb59f810e966ab43859f6ed7cbdf8a47304f3560fd23cef923cdce"
        },
        "pipfile-spec": 6,
        "requires": {
            "python_version": "3.6"
        },
        "sources": [
            {
                "name": "pypi",
                "url": "https://pypi.org/simple",
                "verify_ssl": true
            }
        ]
    },
    "default": {
        "grpcio": {
            "hashes": [
                "sha256:03522ca2b80cc83c407d6d5fa0f532fc5b0160f5861ab6628ae418218022f339",
                "sha256:0c07fc5a9fa73832bca228d9004dc0a511d1f1a890c8ff0fb6e78f7fa1b96d58",
                "sha256:5487948a33ded0577035fb9ad5c542463fabdb356d27fb6cf3eed0bed78f5228",
                "sha256:592b14bab2cf8a5ac6e0b1e763b10828dda55ae74e4a476102897a25d033d0b8",
                "sha256:6727633444344e14d499f81e41e87de29f42653a0c048c0fce780b29e2ffe563",
                "sha256:7aaa523dd5e91acb61d41232eef96192a66b1e8d85d79a55a204093dce50b696",
                "sha256:7e81d2cd63fbc77782b140d728a5444c09a7ef1ea99957c490b722e416671921",
                "sha256:89b96cb00db3e4c2f612ddff81b27afd2406bf697f0654dcd5ba7bed3d5b9322",
                "sha256:a26d32bdc1479c3983194ad380e4cc4bad379729fac4d4acbbda209658d65610",
                "sha256:b092361aed6a5ab201e750ccc2fc59250448107cb958c63194455fd5161f3dcc",
                "sha256:bef5ce5cfe622830da8b92420748e7f5719d208198d750eb497a74fa20da5907",
                "sha256:c0232401d096d9beb06d1af42cf3d65bcc790557712c8b0226809c27401dd455",
                "sha256:cf6e88dc0fc06e446c689304bae6cc15df0517f02ee2ac52bcef0cb893b3e9ba",
                "sha256:cfc2595325ac3bbd170293050a3ff0b5c8e3846d8498d9b2dedcd3063460c007",
                "sha256:d4d4eb072fa2c44a8fe22475874c13c2cc786dba587f633cd47720fb8fec922e",
                "sha256:d78d29295723493327c68aa39407ec44ed7a4ed326dde413cce57e2409683f68",
                "sha256:d829735b1862687074ef9df15f6c4fc1f3b27c0c80d4890ef985c039cdb256c6",
                "sha256:db2430e38a268e64c980e34a62b7f50365a4401172a2f5202ad05eb156e418da",
                "sha256:df3f75f88431da28b1c60a043f2a4f2e359287249baf317f4eda20626b34ce5d",
                "sha256:e1a648519db0de7bab3583dc2471f4c12ee3fc8a8c459e75da9e05ae70cf9ce7",
                "sha256:e35e4c0e5fe5f0fd8914a1630443f7272a752fb9d39c96771799a32056b06ab5",
                "sha256:e9b09fbae7bcc1b1791168665c29bcf37253f54d9d5e6bc8a533a9917912f1f6",
                "sha256:e9b9e67059c81f5b232991c573601856065562f010b655b3afd7ab38459ac321",
                "sha256:e9cf01192ed663a277b64bc559066b07a1355cd85b74cbca9353a25e8bd45544",
                "sha256:ef886f8c845ce7c011b2c154fd2b7998f920d145a2dfa121459e8df5b562a879",
                "sha256:efcf5ea73af68e110c375173495f36d9ed1e50bc88eeae1314f5573f750eecb9",
                "sha256:fc4deee5b4402c4bd37b3c7dbcde8903be89b9026af0f5777f63ae24069cafec"
            ],
            "index": "pypi",
            "version": "==1.11.0"
        },
        "protobuf": {
            "hashes": [
                "sha256:01ccd6d03449ae75b779fb5bf4ed62177d61afe3c5e6465ccf3f8b2e1a84afbe",
                "sha256:1d92cc30b0b46cced33adde5853d920179eb5ea8eecdee9552502a7f29cc3f21",
                "sha256:242e4c7ae565267a8bc8b92d707177f915607ea4bd73244bec6cbf4a49b96661",
                "sha256:3b60685732bd0cbdc802dfcb6071efbcf5d927ce3127c13c33ea1a8efae3aa76",
                "sha256:3f655e1f99c3e14d56ca900af1b9a4715b691319a295cc38939d7f77eabd5e7c",
                "sha256:560a38e692a69957a70ba0e5839aa67430efd63072bf91b0539dac19055694cd",
                "sha256:5c1c8f6a0a68a874e3beff89255959dd80fad45870e96c88944a1b81a22dd5f5",
                "sha256:628a3bf0794a8b3cabb18db11eb67cc10e0cc6e5525d557ae7b682bb73fa2018",
                "sha256:7222d6616108b33ad6cbeff8117062a73c43cdc8fa8f64f6a322ebeb663e710e",
                "sha256:76ef6ca3c50e4cfd044861586d5f1b352e0fe7f17f883df6c165bad5b4d0e10a",
                "sha256:7c193e6964e752bd056735594826c5b03274ceb8f07349d3ae47d9766250ba96",
                "sha256:869e12bcfb5759e683f53ec1dd6155b7be034065431da289f0cb4510040a0799",
                "sha256:905414e5ea6cdb78d8730f66335755152b46685fcb9fc2f2134024e3ea9e8dcc",
                "sha256:ac0067e3c60737865ed72bb7416e02297d229d960902802d874c0e167128c809",
                "sha256:adf716a89c9cc1891ead79a861c427071ef59172f0e11967b00565a9547b3bd0",
                "sha256:bcfa99f5a82f5eaaf6e5cee5bfdca5a1670f5740aec1d93dae170645ed1a16b0",
                "sha256:cc94079ae6cbcea5ae194464a30f3223f075e06a0446f52bca9ddbeb6e9f412a",
                "sha256:d5d9edfdc5a3a01d06062d677b121081629782edf0e05ca1be14f15bb947eeee",
                "sha256:e269ab7a50bf0fa6fe6a88ea7dcc7a1079ae9450d9ab9b7730ac32916d55508b",
                "sha256:e7fd33a3474cbe18fd5b5620784a0fa21fcae3e402b1806e29c6b450c7f61706"
            ],
            "version": "==3.5.2.post1"
        },
        "six": {
            "hashes": [
                "sha256:70e8a77beed4562e7f14fe23a786b54f6296e34344c23bc42f07b15018ff98e9",
                "sha256:832dc0e10feb1aa2c68dcc57dbb658f1c7e65b9b61af69048abc87a2db00a0eb"
            ],
            "version": "==1.11.0"
        }
    },
    "develop": {
        "grpc-testing-1.11.0": {
            "svn": "https://github.com/grpc/grpc/tags/v1.11.0/src/python/grpcio_testing/"
        },
        "grpcio": {
            "hashes": [
                "sha256:03522ca2b80cc83c407d6d5fa0f532fc5b0160f5861ab6628ae418218022f339",
                "sha256:0c07fc5a9fa73832bca228d9004dc0a511d1f1a890c8ff0fb6e78f7fa1b96d58",
                "sha256:5487948a33ded0577035fb9ad5c542463fabdb356d27fb6cf3eed0bed78f5228",
                "sha256:592b14bab2cf8a5ac6e0b1e763b10828dda55ae74e4a476102897a25d033d0b8",
                "sha256:6727633444344e14d499f81e41e87de29f42653a0c048c0fce780b29e2ffe563",
                "sha256:7aaa523dd5e91acb61d41232eef96192a66b1e8d85d79a55a204093dce50b696",
                "sha256:7e81d2cd63fbc77782b140d728a5444c09a7ef1ea99957c490b722e416671921",
                "sha256:89b96cb00db3e4c2f612ddff81b27afd2406bf697f0654dcd5ba7bed3d5b9322",
                "sha256:a26d32bdc1479c3983194ad380e4cc4bad379729fac4d4acbbda209658d65610",
                "sha256:b092361aed6a5ab201e750ccc2fc59250448107cb958c63194455fd5161f3dcc",
                "sha256:bef5ce5cfe622830da8b92420748e7f5719d208198d750eb497a74fa20da5907",
                "sha256:c0232401d096d9beb06d1af42cf3d65bcc790557712c8b0226809c27401dd455",
                "sha256:cf6e88dc0fc06e446c689304bae6cc15df0517f02ee2ac52bcef0cb893b3e9ba",
                "sha256:cfc2595325ac3bbd170293050a3ff0b5c8e3846d8498d9b2dedcd3063460c007",
                "sha256:d4d4eb072fa2c44a8fe22475874c13c2cc786dba587f633cd47720fb8fec922e",
                "sha256:d78d29295723493327c68aa39407ec44ed7a4ed326dde413cce57e2409683f68",
                "sha256:d829735b1862687074ef9df15f6c4fc1f3b27c0c80d4890ef985c039cdb256c6",
                "sha256:db2430e38a268e64c980e34a62b7f50365a4401172a2f5202ad05eb156e418da",
                "sha256:df3f75f88431da28b1c60a043f2a4f2e359287249baf317f4eda20626b34ce5d",
                "sha256:e1a648519db0de7bab3583dc2471f4c12ee3fc8a8c459e75da9e05ae70cf9ce7",
                "sha256:e35e4c0e5fe5f0fd8914a1630443f7272a752fb9d39c96771799a32056b06ab5",
                "sha256:e9b09fbae7bcc1b1791168665c29bcf37253f54d9d5e6bc8a533a9917912f1f6",
                "sha256:e9b9e67059c81f5b232991c573601856065562f010b655b3afd7ab38459ac321",
                "sha256:e9cf01192ed663a277b64bc559066b07a1355cd85b74cbca9353a25e8bd45544",
                "sha256:ef886f8c845ce7c011b2c154fd2b7998f920d145a2dfa121459e8df5b562a879",
                "sha256:efcf5ea73af68e110c375173495f36d9ed1e50bc88eeae1314f5573f750eecb9",
                "sha256:fc4deee5b4402c4bd37b3c7dbcde8903be89b9026af0f5777f63ae24069cafec"
            ],
            "index": "pypi",
            "version": "==1.11.0"
        },
        "grpcio-tools": {
            "hashes": [
                "sha256:1393bc2e658972c5f1af2d50202595355cbcecd16c403865efb5e856fbb89b92",
                "sha256:2688a57c35e1e5b9989322727aef667fd03e19801b76b93693b37e39993ee1ec",
                "sha256:284a2779fcd8055c226c503929b170c5c65ccd452852f546c0afa6c84db9806f",
                "sha256:33eb1557c3656a69aaa4e19c4e22c1741ab38f52707202ddff4fa662f2efd2aa",
                "sha256:388d9cdfe3aa4043341b7871cfa3b9956dd27661b4c2e7461033d8855090ee80",
                "sha256:39f3c030f2583d09d8d3d24dd7ffd19760d5b44d75133c15c5533cdd5e34bfb8",
                "sha256:3f91f355ee754050552bbacd4657b8c9d7097b6c3d4b3ea5ec6c334b2963d8da",
                "sha256:4eba6a5b79c85ae6431add02a1f1f5e6139187829f75f006a2e0a408e9ea6ae7",
                "sha256:529784b7427435904b5268ceda7e9dec94f2b0951f7db4f15da19b9333ab7387",
                "sha256:6c9e7734bc9f0f30a5b12a33fc9a0ba304c63a7809dccc6dcd2af653116a5bef",
                "sha256:82ad51801694956127fa5e340059651b00975fffe4e758367d739001a0d4b6bf",
                "sha256:84c0ee9109917c700c0e0091b1abb16b85e728c6072d0ccfa8fc3c21fc8a2a8f",
                "sha256:8696aaaa0a8282bd99930d4c09a4270130916bedc0fbf636f070f2ad47cee9d2",
                "sha256:88938fe07ef78480bf1954abde64a74dc3d9b139bcb5ceef45640331bb7bce10",
                "sha256:8bc23703ba533bef24d899d5803015388a23d5c493e2518dabe5a99e7bf75291",
                "sha256:9b3787d765bb5c71c68932bed4da07c5a64680db40ec3bbc6720cc0728f3b954",
                "sha256:a15523a3d62155981f11ab3d2b2f89a447f8def92fd24e8fd3f91134673f416a",
                "sha256:b02de46ecf56d579466d653d6f161b805361289921a90d1f5069ea3460efe924",
                "sha256:c1b3b10143350beb45d941491b2918bcfd6b3ff606840035b46f713a5ff3a357",
                "sha256:c76cfc9f8d4528f7d59d8affabe50c9c2e7f50710776448d65d6c88cd06974de",
                "sha256:c821f321b0a6302fdf7d374fcddc391cff23b1eeb339d44ec77211972c328e81",
                "sha256:c94ec207c986c1f2cfb0564f87be10735d85fcde9b16a2fab3b4d3671cf8dee4",
                "sha256:dd964f7e7eac4f734efdfa8df598f0df4886e377973d569b3a8d4e1b5d7aeb58",
                "sha256:e1b875f4a96ea59d386c78debd8a00117842002206dd4f54284a0a8d6735c3dd",
                "sha256:e39f6a727408f7adddfe800ea2a11d9d72e2c0ecb8e382125d164dff43a0a24c",
                "sha256:eeac8a3b662a2d5923c0ac25428bf968e24de714fe8cee2b915fe51ca1ecf712",
                "sha256:f35570691ebd0e317d2d3fd8e27da88bf4229ab5a75b334a7ac8b17d457638e5"
            ],
            "index": "pypi",
            "version": "==1.11.0"
        },
        "protobuf": {
            "hashes": [
                "sha256:01ccd6d03449ae75b779fb5bf4ed62177d61afe3c5e6465ccf3f8b2e1a84afbe",
                "sha256:1d92cc30b0b46cced33adde5853d920179eb5ea8eecdee9552502a7f29cc3f21",
                "sha256:242e4c7ae565267a8bc8b92d707177f915607ea4bd73244bec6cbf4a49b96661",
                "sha256:3b60685732bd0cbdc802dfcb6071efbcf5d927ce3127c13c33ea1a8efae3aa76",
                "sha256:3f655e1f99c3e14d56ca900af1b9a4715b691319a295cc38939d7f77eabd5e7c",
                "sha256:560a38e692a69957a70ba0e5839aa67430efd63072bf91b0539dac19055694cd",
                "sha256:5c1c8f6a0a68a874e3beff89255959dd80fad45870e96c88944a1b81a22dd5f5",
                "sha256:628a3bf0794a8b3cabb18db11eb67cc10e0cc6e5525d557ae7b682bb73fa2018",
                "sha256:7222d6616108b33ad6cbeff8117062a73c43cdc8fa8f64f6a322ebeb663e710e",
                "sha256:76ef6ca3c50e4cfd044861586d5f1b352e0fe7f17f883df6c165bad5b4d0e10a",
                "sha256:7c193e6964e752bd056735594826c5b03274ceb8f07349d3ae47d9766250ba96",
                "sha256:869e12bcfb5759e683f53ec1dd6155b7be034065431da289f0cb4510040a0799",
                "sha256:905414e5ea6cdb78d8730f66335755152b46685fcb9fc2f2134024e3ea9e8dcc",
                "sha256:ac0067e3c60737865ed72bb7416e02297d229d960902802d874c0e167128c809",
                "sha256:adf716a89c9cc1891ead79a861c427071ef59172f0e11967b00565a9547b3bd0",
                "sha256:bcfa99f5a82f5eaaf6e5cee5bfdca5a1670f5740aec1d93dae170645ed1a16b0",
                "sha256:cc94079ae6cbcea5ae194464a30f3223f075e06a0446f52bca9ddbeb6e9f412a",
                "sha256:d5d9edfdc5a3a01d06062d677b121081629782edf0e05ca1be14f15bb947eeee",
                "sha256:e269ab7a50bf0fa6fe6a88ea7dcc7a1079ae9450d9ab9b7730ac32916d55508b",
                "sha256:e7fd33a3474cbe18fd5b5620784a0fa21fcae3e402b1806e29c6b450c7f61706"
            ],
            "version": "==3.5.2.post1"
        },
        "six": {
            "hashes": [
                "sha256:70e8a77beed4562e7f14fe23a786b54f6296e34344c23bc42f07b15018ff98e9",
                "sha256:832dc0e10feb1aa2c68dcc57dbb658f1c7e65b9b61af69048abc87a2db00a0eb"
            ],
            "version": "==1.11.0"
        }
    }
}
