
Microsoft Visual Studio Solution File, Format Version 12.00
# Visual Studio 14
VisualStudioVersion = 14.0.25420.1
MinimumVisualStudioVersion = 10.0.40219.1
Project("{8BB2217D-0F2D-49D1-97BC-3654ED321F3B}") = "MachineEpsilon", "MachineEpsilon\MachineEpsilon.xproj", "{6D56C3BE-25A1-457A-824E-A79AA64AC91E}"
EndProject
Project("{8BB2217D-0F2D-49D1-97BC-3654ED321F3B}") = "LossOfTrailingDigits", "LossOfTrailingDigits\LossOfTrailingDigits.xproj", "{528DBCCD-69CC-4599-B0F6-3CF203FC098A}"
EndProject
Project("{8BB2217D-0F2D-49D1-97BC-3654ED321F3B}") = "CancellationOfSignificantDigits", "CancellationOfSignificantDigits\CancellationOfSignificantDigits.xproj", "{29AECCDE-8736-4B28-A0E3-5B3F36751283}"
EndProject
Project("{8BB2217D-0F2D-49D1-97BC-3654ED321F3B}") = "SimpleGaussJordanElimination", "SimpleGaussJordanElimination\SimpleGaussJordanElimination.xproj", "{9BD9D6EF-BF88-444C-9485-A9A72C15D375}"
EndProject
Project("{8BB2217D-0F2D-49D1-97BC-3654ED321F3B}") = "SimpleGaussElimination", "SimpleGaussElimination\SimpleGaussElimination.xproj", "{F25DF7FB-724A-42D5-8588-50567BD0C3BE}"
EndProject
Project("{8BB2217D-0F2D-49D1-97BC-3654ED321F3B}") = "LUDecomposition", "LUDecomposition\LUDecomposition.xproj", "{143FF5EB-FDA2-47F1-9F13-D6E1934600A1}"
EndProject
Global
	GlobalSection(SolutionConfigurationPlatforms) = preSolution
		Debug|Any CPU = Debug|Any CPU
		Release|Any CPU = Release|Any CPU
	EndGlobalSection
	GlobalSection(ProjectConfigurationPlatforms) = postSolution
		{6D56C3BE-25A1-457A-824E-A79AA64AC91E}.Debug|Any CPU.ActiveCfg = Debug|Any CPU
		{6D56C3BE-25A1-457A-824E-A79AA64AC91E}.Debug|Any CPU.Build.0 = Debug|Any CPU
		{6D56C3BE-25A1-457A-824E-A79AA64AC91E}.Release|Any CPU.ActiveCfg = Release|Any CPU
		{6D56C3BE-25A1-457A-824E-A79AA64AC91E}.Release|Any CPU.Build.0 = Release|Any CPU
		{528DBCCD-69CC-4599-B0F6-3CF203FC098A}.Debug|Any CPU.ActiveCfg = Debug|Any CPU
		{528DBCCD-69CC-4599-B0F6-3CF203FC098A}.Debug|Any CPU.Build.0 = Debug|Any CPU
		{528DBCCD-69CC-4599-B0F6-3CF203FC098A}.Release|Any CPU.ActiveCfg = Release|Any CPU
		{528DBCCD-69CC-4599-B0F6-3CF203FC098A}.Release|Any CPU.Build.0 = Release|Any CPU
		{29AECCDE-8736-4B28-A0E3-5B3F36751283}.Debug|Any CPU.ActiveCfg = Debug|Any CPU
		{29AECCDE-8736-4B28-A0E3-5B3F36751283}.Debug|Any CPU.Build.0 = Debug|Any CPU
		{29AECCDE-8736-4B28-A0E3-5B3F36751283}.Release|Any CPU.ActiveCfg = Release|Any CPU
		{29AECCDE-8736-4B28-A0E3-5B3F36751283}.Release|Any CPU.Build.0 = Release|Any CPU
		{9BD9D6EF-BF88-444C-9485-A9A72C15D375}.Debug|Any CPU.ActiveCfg = Debug|Any CPU
		{9BD9D6EF-BF88-444C-9485-A9A72C15D375}.Debug|Any CPU.Build.0 = Debug|Any CPU
		{9BD9D6EF-BF88-444C-9485-A9A72C15D375}.Release|Any CPU.ActiveCfg = Release|Any CPU
		{9BD9D6EF-BF88-444C-9485-A9A72C15D375}.Release|Any CPU.Build.0 = Release|Any CPU
		{F25DF7FB-724A-42D5-8588-50567BD0C3BE}.Debug|Any CPU.ActiveCfg = Debug|Any CPU
		{F25DF7FB-724A-42D5-8588-50567BD0C3BE}.Debug|Any CPU.Build.0 = Debug|Any CPU
		{F25DF7FB-724A-42D5-8588-50567BD0C3BE}.Release|Any CPU.ActiveCfg = Release|Any CPU
		{F25DF7FB-724A-42D5-8588-50567BD0C3BE}.Release|Any CPU.Build.0 = Release|Any CPU
		{143FF5EB-FDA2-47F1-9F13-D6E1934600A1}.Debug|Any CPU.ActiveCfg = Debug|Any CPU
		{143FF5EB-FDA2-47F1-9F13-D6E1934600A1}.Debug|Any CPU.Build.0 = Debug|Any CPU
		{143FF5EB-FDA2-47F1-9F13-D6E1934600A1}.Release|Any CPU.ActiveCfg = Release|Any CPU
		{143FF5EB-FDA2-47F1-9F13-D6E1934600A1}.Release|Any CPU.Build.0 = Release|Any CPU
	EndGlobalSection
	GlobalSection(SolutionProperties) = preSolution
		HideSolutionNode = FALSE
	EndGlobalSection
EndGlobal
