{
    "_meta": {
        "hash": {
            "sha256": "85f9a6ac39eb235519fa7f2fca5f221f9f0d9e9708406128138ce4ce658ae9a4"
        },
        "pipfile-spec": 6,
        "requires": {
            "python_version": "3.7"
        },
        "sources": [
            {
                "name": "pypi",
                "url": "https://pypi.org/simple",
                "verify_ssl": true
            }
        ]
    },
    "default": {
        "grpcio": {
            "hashes": [
                "sha256:007a6f1d2c2eb4631f815dc413b109a0687775b8b18e33e99cb971d611f7709d",
                "sha256:12f0d320c99f8ed8ab746e1eb9592b7c52aa133a99c25d1fc7ac3024c8db7839",
                "sha256:15a040e9c7cd2755a082c701ce8e12842ca166ff54fdf448ce1c70ee143dc228",
                "sha256:19bb32ddedfc8424698ee4533362c40c0fbfdd2e922a9b26557a26446a479fed",
                "sha256:3d69bc0a49c796dffa930761949d2d099fa42dfa7a8ecbb7efa74b1cc69abae3",
                "sha256:4cd3ba58176934ff6d2662547f0aecc9dfab9c6b6b3177087d9b710b6237b9d4",
                "sha256:5f4992672d76dfdca0158c2fdf17631fd4ac0106fd48d9daa1d1be589f02597f",
                "sha256:5f51019780e3dfd50fdf343357814927d3707ebaccb847d65f7626be7b069896",
                "sha256:61b19e889c2ea6b941722a1b1226717b68bb40af80ca0d94e1f87a5bb61bd500",
                "sha256:7e72a98bd236d76846c57ac01ab4aadc337ca4f6d451f02372f27f94e9c56c1d",
                "sha256:800be53727f56e173bc0cd462478c5f25d56e99e7978fdb6717bcf482872caf8",
                "sha256:8aef8f9e449a6e175a59152f49c52519f5887f3a626fac75a75d91f3cb68d89d",
                "sha256:90bc328ca96671255d89034405e57d98abe7e4f529721eee5b78bb971ee4d53b",
                "sha256:92f279484675abcbfc5ff12cc97df29300eecbfafa83eac4ee1a6438bd3a9c9b",
                "sha256:94a609780c316b36631858a863268d3a17929b9cfa11ffda99e7a4c061adfe31",
                "sha256:9d8851e18731577e0cb4aa326abd1179fb2dc18ca1af26c7b5a853706a32aa62",
                "sha256:b22122fb0674c1e2af7dd684e71d15de27918181213afb8d31f3ab7d97da8007",
                "sha256:b2ef358fe5bae8dab2e822fd204f2f61f61cc27e276b58fb5e0215d7a553b208",
                "sha256:b3dff5ffe4a7f5f988fd7d6233639a4dd4e3d5d52b5cb99a7c45151ebbadc15c",
                "sha256:b626d0461bf2e466d8c8969ba16263218214d5e4d7856710590f8b6e1fe7c14b",
                "sha256:baacd8c51e9d0ba9de58021778da2589274db518d16639b192a32a2947202f54",
                "sha256:bb50103ba19b4ce4259639367ce84f06a638ea42586ab82ac15e2bea4772a5c9",
                "sha256:cb468146d0b16c56f0c5087f182e0ee18edfde18cf986feabb3f0dc5d05faefc",
                "sha256:cc16f771c0206af2c780f4f06f684cede3546a072c8f3527b190e1db7795354d",
                "sha256:dadaf58e000251bfbcdfe8b270d076b90886742883af9d604c0efb1f9dc8a9e8",
                "sha256:e86e04a3434c8c59b12c016c5a509fd8a9d13e20c4b3e392f0a47e702dd7ac39",
                "sha256:e886e6317e62a027fbb30ff3bdbf510247ed805131520225aba85821175202d8",
                "sha256:f197515a12c98bd4e199a06fced131c1623ff6ee443754a9ca97fc98f57af4b0",
                "sha256:f26aff4e93ea40d1e6f1f7130b6d39877f3834abb0b2aa0e66fd3073acdc009d",
                "sha256:f27da3b44037d039e2a55c4d98d04967a3588272d964acaf95676af3389f1419",
                "sha256:f3109009be69953dcef69ced58b2f563af8bb6f9b8947fa14a122da78e361cc1",
                "sha256:fa9b6949f1546be56c7bd7b956a06555c1cfc110a6615b495725326f51a757b4"
            ],
            "index": "pypi",
            "version": "==1.14.2"
        },
        "six": {
            "hashes": [
                "sha256:70e8a77beed4562e7f14fe23a786b54f6296e34344c23bc42f07b15018ff98e9",
                "sha256:832dc0e10feb1aa2c68dcc57dbb658f1c7e65b9b61af69048abc87a2db00a0eb"
            ],
            "version": "==1.11.0"
        }
    },
    "develop": {
        "grpcio": {
            "hashes": [
                "sha256:007a6f1d2c2eb4631f815dc413b109a0687775b8b18e33e99cb971d611f7709d",
                "sha256:12f0d320c99f8ed8ab746e1eb9592b7c52aa133a99c25d1fc7ac3024c8db7839",
                "sha256:15a040e9c7cd2755a082c701ce8e12842ca166ff54fdf448ce1c70ee143dc228",
                "sha256:19bb32ddedfc8424698ee4533362c40c0fbfdd2e922a9b26557a26446a479fed",
                "sha256:3d69bc0a49c796dffa930761949d2d099fa42dfa7a8ecbb7efa74b1cc69abae3",
                "sha256:4cd3ba58176934ff6d2662547f0aecc9dfab9c6b6b3177087d9b710b6237b9d4",
                "sha256:5f4992672d76dfdca0158c2fdf17631fd4ac0106fd48d9daa1d1be589f02597f",
                "sha256:5f51019780e3dfd50fdf343357814927d3707ebaccb847d65f7626be7b069896",
                "sha256:61b19e889c2ea6b941722a1b1226717b68bb40af80ca0d94e1f87a5bb61bd500",
                "sha256:7e72a98bd236d76846c57ac01ab4aadc337ca4f6d451f02372f27f94e9c56c1d",
                "sha256:800be53727f56e173bc0cd462478c5f25d56e99e7978fdb6717bcf482872caf8",
                "sha256:8aef8f9e449a6e175a59152f49c52519f5887f3a626fac75a75d91f3cb68d89d",
                "sha256:90bc328ca96671255d89034405e57d98abe7e4f529721eee5b78bb971ee4d53b",
                "sha256:92f279484675abcbfc5ff12cc97df29300eecbfafa83eac4ee1a6438bd3a9c9b",
                "sha256:94a609780c316b36631858a863268d3a17929b9cfa11ffda99e7a4c061adfe31",
                "sha256:9d8851e18731577e0cb4aa326abd1179fb2dc18ca1af26c7b5a853706a32aa62",
                "sha256:b22122fb0674c1e2af7dd684e71d15de27918181213afb8d31f3ab7d97da8007",
                "sha256:b2ef358fe5bae8dab2e822fd204f2f61f61cc27e276b58fb5e0215d7a553b208",
                "sha256:b3dff5ffe4a7f5f988fd7d6233639a4dd4e3d5d52b5cb99a7c45151ebbadc15c",
                "sha256:b626d0461bf2e466d8c8969ba16263218214d5e4d7856710590f8b6e1fe7c14b",
                "sha256:baacd8c51e9d0ba9de58021778da2589274db518d16639b192a32a2947202f54",
                "sha256:bb50103ba19b4ce4259639367ce84f06a638ea42586ab82ac15e2bea4772a5c9",
                "sha256:cb468146d0b16c56f0c5087f182e0ee18edfde18cf986feabb3f0dc5d05faefc",
                "sha256:cc16f771c0206af2c780f4f06f684cede3546a072c8f3527b190e1db7795354d",
                "sha256:dadaf58e000251bfbcdfe8b270d076b90886742883af9d604c0efb1f9dc8a9e8",
                "sha256:e86e04a3434c8c59b12c016c5a509fd8a9d13e20c4b3e392f0a47e702dd7ac39",
                "sha256:e886e6317e62a027fbb30ff3bdbf510247ed805131520225aba85821175202d8",
                "sha256:f197515a12c98bd4e199a06fced131c1623ff6ee443754a9ca97fc98f57af4b0",
                "sha256:f26aff4e93ea40d1e6f1f7130b6d39877f3834abb0b2aa0e66fd3073acdc009d",
                "sha256:f27da3b44037d039e2a55c4d98d04967a3588272d964acaf95676af3389f1419",
                "sha256:f3109009be69953dcef69ced58b2f563af8bb6f9b8947fa14a122da78e361cc1",
                "sha256:fa9b6949f1546be56c7bd7b956a06555c1cfc110a6615b495725326f51a757b4"
            ],
            "index": "pypi",
            "version": "==1.14.2"
        },
        "grpcio-testing": {
            "hashes": [
                "sha256:9959ed2131c0746101120296c8a03b7bc0f10e1e34883420abb8d5dc4f9f18ac"
            ],
            "index": "pypi",
            "version": "==1.14.2"
        },
        "grpcio-tools": {
            "hashes": [
                "sha256:0364fc8bdfbd9f1fb6f23d4f95c1945713a93fc24da116be0931f536c6c99817",
                "sha256:0a059a550da9ee8d3419a03186846196e1e7802c69a7d88f1907be381b520567",
                "sha256:134135e1eb3d9d17d9e065b0e833fc50f36f0e963c17f56f4602fd3497db968e",
                "sha256:2a5e43ed70c5ec1ae725f3e4b155e6b30fd74d15307a535ed8d1bb52ede768e6",
                "sha256:2ec4944e3d516963eb571b013dc1bdbe999c25ef2853f45f38b5cdab0a6412f6",
                "sha256:32976716af1d84fd9a6f1a0663fca47cb3ef71a82dd2b5e365ac11a3d52d6876",
                "sha256:32b36432f942e77550916863a7a8cf4aa79192390ee04b3d0049c492d4625f53",
                "sha256:4ed5dd160acf7671e7839f990b2b4c0197a3b065eef2d44d605809a88d489f61",
                "sha256:5fa92ad71f54da698759afa3bcf566dfa1244ea7c4f1451265bb7de993965cea",
                "sha256:6021289c6c64b19b97f9bfd0f6b65e1bec6b03037764253f4168ba2788ff183d",
                "sha256:60c85264e357ad552e14bd9086488fd5fd0b5ba59a316f939b758719aa3ba19f",
                "sha256:63994614a79ee32a0df387758ddb9af399cd77ac7318c170132e65e726415cdf",
                "sha256:63d91b706fda6c5efbec180fa34444e0f69ef65b4718920c8eebba9a8803ad39",
                "sha256:6678d6d366b01ddecbdd04daee15affe937675f418b826b1c6ab2ed5574c262e",
                "sha256:74fdb613397499b9fd9ccaa262946cd29e506020ae7a5d74cc48145f19aa6fb0",
                "sha256:7650dc5dcd37d1c743f02346499017fdc344a8b9195d14d15901f1f21cc48412",
                "sha256:854726aa28838c6ff24ab34d24b203f611430fb526a0d8a26e4fb068c4815f23",
                "sha256:900597ba0940f918915eba925336c0d706a8f9402fbe9660d31048088b80b67f",
                "sha256:96d8f694feda7d4f27048da30d0d5342b9f1f36983ff906d50c85aa6cde599bc",
                "sha256:9b77e14858f712525f8743b6a6669e6c6fbb1d3c7cb81bb37e3f3df3abf22b67",
                "sha256:9cabcd4d101f70c491e87666085e295907d52704599f957228b084c9ee117e9a",
                "sha256:a4613fd2c178d8429b1425eb64efe7431691615add4e69dc0a312cf0cc5413a9",
                "sha256:b3fd64a5b8c1d981f6d68a331449109633710a346051c44e0f0cca1812e2b4b0",
                "sha256:b4b522f35a4bcc8ea9a3307e46cfdaa082ea2c547eff6b6d134487b13f6bbba2",
                "sha256:b98e04d919ec9c1cf77391cb4c8460a8a0cff55c679ab6e67ad2eba7bb2ea0d5",
                "sha256:b9ac6f2c3aa82c7c26252f0e691aa4dc8aaabe65d221dce4824c08eb9f76f5a7",
                "sha256:c058bc7d7f4cb87322d0df86cc9326c6fd4880ac8f580487b37e57c9d1f50d5f",
                "sha256:c110c3181c78c0745dcb7ff223a9ec1bc09bd5eda174480b130baae838138161",
                "sha256:c78a9c562294796a5c4907fc7b46cd3c5c80375c3cbc50ff014cec2761d466d1",
                "sha256:ec6689c2e09dbb79c49d6d4fee09cd4a8522d89e885fffdb104754ea154a38a0",
                "sha256:fbb83408d15736e231b424b5e3a3433593273674484b73d2f1f61ca603a7a75f",
                "sha256:fca00f5d61e1374407ae195da18d706a53d39b8a3f538a89b2e9d90fe2bc02cc"
            ],
            "index": "pypi",
            "version": "==1.14.2"
        },
        "protobuf": {
            "hashes": [
                "sha256:10394a4d03af7060fa8a6e1cbf38cea44be1467053b0aea5bbfcb4b13c4b88c4",
                "sha256:1489b376b0f364bcc6f89519718c057eb191d7ad6f1b395ffd93d1aa45587811",
                "sha256:1931d8efce896981fe410c802fd66df14f9f429c32a72dd9cfeeac9815ec6444",
                "sha256:196d3a80f93c537f27d2a19a4fafb826fb4c331b0b99110f985119391d170f96",
                "sha256:46e34fdcc2b1f2620172d3a4885128705a4e658b9b62355ae5e98f9ea19f42c2",
                "sha256:59cd75ded98094d3cf2d79e84cdb38a46e33e7441b2826f3838dcc7c07f82995",
                "sha256:5ee0522eed6680bb5bac5b6d738f7b0923b3cafce8c4b1a039a6107f0841d7ed",
                "sha256:65917cfd5da9dfc993d5684643063318a2e875f798047911a9dd71ca066641c9",
                "sha256:685bc4ec61a50f7360c9fd18e277b65db90105adbf9c79938bd315435e526b90",
                "sha256:92e8418976e52201364a3174e40dc31f5fd8c147186d72380cbda54e0464ee19",
                "sha256:9335f79d1940dfb9bcaf8ec881fb8ab47d7a2c721fb8b02949aab8bbf8b68625",
                "sha256:a7ee3bb6de78185e5411487bef8bc1c59ebd97e47713cba3c460ef44e99b3db9",
                "sha256:ceec283da2323e2431c49de58f80e1718986b79be59c266bb0509cbf90ca5b9e",
                "sha256:e7a5ccf56444211d79e3204b05087c1460c212a2c7d62f948b996660d0165d68",
                "sha256:fcfc907746ec22716f05ea96b7f41597dfe1a1c088f861efb8a0d4f4196a6f10"
            ],
            "version": "==3.6.1"
        },
        "six": {
            "hashes": [
                "sha256:70e8a77beed4562e7f14fe23a786b54f6296e34344c23bc42f07b15018ff98e9",
                "sha256:832dc0e10feb1aa2c68dcc57dbb658f1c7e65b9b61af69048abc87a2db00a0eb"
            ],
            "version": "==1.11.0"
        }
    }
}
