
Microsoft Visual Studio Solution File, Format Version 12.00
# Visual Studio 14
VisualStudioVersion = 14.0.25123.0
MinimumVisualStudioVersion = 10.0.40219.1
Project("{2150E333-8FDC-42A3-9474-1A3956D46DE8}") = "src", "src", "{52571E17-EC29-421C-89B5-B41663C071EC}"
EndProject
Project("{2150E333-8FDC-42A3-9474-1A3956D46DE8}") = "Solution Items", "Solution Items", "{E332CA57-4143-4C08-9E96-A01AC3B2A873}"
	ProjectSection(SolutionItems) = preProject
		global.json = global.json
	EndProjectSection
EndProject
Project("{8BB2217D-0F2D-49D1-97BC-3654ED321F3B}") = "WebSocketAspNetCoreRC2", "src\WebSocketAspNetCoreRC2\WebSocketAspNetCoreRC2.xproj", "{234BA30F-6520-4CF8-85EB-32D3E79F712D}"
EndProject
Global
	GlobalSection(SolutionConfigurationPlatforms) = preSolution
		Debug|Any CPU = Debug|Any CPU
		Release|Any CPU = Release|Any CPU
	EndGlobalSection
	GlobalSection(ProjectConfigurationPlatforms) = postSolution
		{234BA30F-6520-4CF8-85EB-32D3E79F712D}.Debug|Any CPU.ActiveCfg = Debug|Any CPU
		{234BA30F-6520-4CF8-85EB-32D3E79F712D}.Debug|Any CPU.Build.0 = Debug|Any CPU
		{234BA30F-6520-4CF8-85EB-32D3E79F712D}.Release|Any CPU.ActiveCfg = Release|Any CPU
		{234BA30F-6520-4CF8-85EB-32D3E79F712D}.Release|Any CPU.Build.0 = Release|Any CPU
	EndGlobalSection
	GlobalSection(SolutionProperties) = preSolution
		HideSolutionNode = FALSE
	EndGlobalSection
	GlobalSection(NestedProjects) = preSolution
		{234BA30F-6520-4CF8-85EB-32D3E79F712D} = {52571E17-EC29-421C-89B5-B41663C071EC}
	EndGlobalSection
EndGlobal
